
Microsoft Visual Studio Solution File, Format Version 12.00
Project("{FAE04EC0-301F-11D3-BF4B-00C04F79EFBC}") = "MU.CV.Core", "MU.CV.Core\MU.CV.Core.csproj", "{5A419F0B-B6EF-413E-AB9E-5828A200AB4D}"
EndProject
Project("{2150E333-8FDC-42A3-9474-1A3956D46DE8}") = "CV", "CV", "{5B509382-0730-4CCE-B983-6425880B7F37}"
EndProject
Project("{FAE04EC0-301F-11D3-BF4B-00C04F79EFBC}") = "MU.CV.API", "CV\MU.CV.API\MU.CV.API.csproj", "{29531C82-54BA-4FFB-AF1C-A7FF4D072324}"
EndProject
Project("{FAE04EC0-301F-11D3-BF4B-00C04F79EFBC}") = "MU.CV.BLL", "CV\MU.CV.BLL\MU.CV.BLL.csproj", "{7FD3E7FE-597A-4BFA-8A90-96C6BA714F6C}"
EndProject
Project("{2150E333-8FDC-42A3-9474-1A3956D46DE8}") = "Tests", "Tests", "{F8551DAB-419E-4FCE-BDA6-AFB4D1BCC984}"
EndProject
Project("{FAE04EC0-301F-11D3-BF4B-00C04F79EFBC}") = "MU.CV.UnitTests", "Tests\MU.CV.UnitTests\MU.CV.UnitTests.csproj", "{046DFCB1-2C08-49CD-BEA3-987F40BE488D}"
EndProject
Project("{FAE04EC0-301F-11D3-BF4B-00C04F79EFBC}") = "MU.CV.DAL", "CV\MU.CV.DAL\MU.CV.DAL.csproj", "{686BF0C1-E7E6-4DEB-A082-F61F816A2054}"
EndProject
Project("{FAE04EC0-301F-11D3-BF4B-00C04F79EFBC}") = "MU.Identity.BLL", "Identity\MU.Identity.BLL\MU.Identity.BLL.csproj", "{A5D471FE-1606-4D64-9C1F-696EF946359E}"
EndProject
Project("{2150E333-8FDC-42A3-9474-1A3956D46DE8}") = "Identity", "Identity", "{94559021-E41A-46C6-B5ED-AE14C5F6CFB4}"
EndProject
Project("{FAE04EC0-301F-11D3-BF4B-00C04F79EFBC}") = "MU.Identity.API", "Identity\MU.Identity.API\MU.Identity.API.csproj", "{DC05E43A-F8DF-4E72-8E4C-6F7ADC07EF78}"
EndProject
Global
	GlobalSection(SolutionConfigurationPlatforms) = preSolution
		Debug|Any CPU = Debug|Any CPU
		Release|Any CPU = Release|Any CPU
	EndGlobalSection
	GlobalSection(ProjectConfigurationPlatforms) = postSolution
		{5A419F0B-B6EF-413E-AB9E-5828A200AB4D}.Debug|Any CPU.ActiveCfg = Debug|Any CPU
		{5A419F0B-B6EF-413E-AB9E-5828A200AB4D}.Debug|Any CPU.Build.0 = Debug|Any CPU
		{5A419F0B-B6EF-413E-AB9E-5828A200AB4D}.Release|Any CPU.ActiveCfg = Release|Any CPU
		{5A419F0B-B6EF-413E-AB9E-5828A200AB4D}.Release|Any CPU.Build.0 = Release|Any CPU
		{29531C82-54BA-4FFB-AF1C-A7FF4D072324}.Debug|Any CPU.ActiveCfg = Debug|Any CPU
		{29531C82-54BA-4FFB-AF1C-A7FF4D072324}.Debug|Any CPU.Build.0 = Debug|Any CPU
		{29531C82-54BA-4FFB-AF1C-A7FF4D072324}.Release|Any CPU.ActiveCfg = Release|Any CPU
		{29531C82-54BA-4FFB-AF1C-A7FF4D072324}.Release|Any CPU.Build.0 = Release|Any CPU
		{7FD3E7FE-597A-4BFA-8A90-96C6BA714F6C}.Debug|Any CPU.ActiveCfg = Debug|Any CPU
		{7FD3E7FE-597A-4BFA-8A90-96C6BA714F6C}.Debug|Any CPU.Build.0 = Debug|Any CPU
		{7FD3E7FE-597A-4BFA-8A90-96C6BA714F6C}.Release|Any CPU.ActiveCfg = Release|Any CPU
		{7FD3E7FE-597A-4BFA-8A90-96C6BA714F6C}.Release|Any CPU.Build.0 = Release|Any CPU
		{046DFCB1-2C08-49CD-BEA3-987F40BE488D}.Debug|Any CPU.ActiveCfg = Debug|Any CPU
		{046DFCB1-2C08-49CD-BEA3-987F40BE488D}.Debug|Any CPU.Build.0 = Debug|Any CPU
		{046DFCB1-2C08-49CD-BEA3-987F40BE488D}.Release|Any CPU.ActiveCfg = Release|Any CPU
		{046DFCB1-2C08-49CD-BEA3-987F40BE488D}.Release|Any CPU.Build.0 = Release|Any CPU
		{686BF0C1-E7E6-4DEB-A082-F61F816A2054}.Debug|Any CPU.ActiveCfg = Debug|Any CPU
		{686BF0C1-E7E6-4DEB-A082-F61F816A2054}.Debug|Any CPU.Build.0 = Debug|Any CPU
		{686BF0C1-E7E6-4DEB-A082-F61F816A2054}.Release|Any CPU.ActiveCfg = Release|Any CPU
		{686BF0C1-E7E6-4DEB-A082-F61F816A2054}.Release|Any CPU.Build.0 = Release|Any CPU
		{A5D471FE-1606-4D64-9C1F-696EF946359E}.Debug|Any CPU.ActiveCfg = Debug|Any CPU
		{A5D471FE-1606-4D64-9C1F-696EF946359E}.Debug|Any CPU.Build.0 = Debug|Any CPU
		{A5D471FE-1606-4D64-9C1F-696EF946359E}.Release|Any CPU.ActiveCfg = Release|Any CPU
		{A5D471FE-1606-4D64-9C1F-696EF946359E}.Release|Any CPU.Build.0 = Release|Any CPU
		{DC05E43A-F8DF-4E72-8E4C-6F7ADC07EF78}.Debug|Any CPU.ActiveCfg = Debug|Any CPU
		{DC05E43A-F8DF-4E72-8E4C-6F7ADC07EF78}.Debug|Any CPU.Build.0 = Debug|Any CPU
		{DC05E43A-F8DF-4E72-8E4C-6F7ADC07EF78}.Release|Any CPU.ActiveCfg = Release|Any CPU
		{DC05E43A-F8DF-4E72-8E4C-6F7ADC07EF78}.Release|Any CPU.Build.0 = Release|Any CPU
	EndGlobalSection
	GlobalSection(NestedProjects) = preSolution
		{29531C82-54BA-4FFB-AF1C-A7FF4D072324} = {5B509382-0730-4CCE-B983-6425880B7F37}
		{7FD3E7FE-597A-4BFA-8A90-96C6BA714F6C} = {5B509382-0730-4CCE-B983-6425880B7F37}
		{046DFCB1-2C08-49CD-BEA3-987F40BE488D} = {F8551DAB-419E-4FCE-BDA6-AFB4D1BCC984}
		{686BF0C1-E7E6-4DEB-A082-F61F816A2054} = {5B509382-0730-4CCE-B983-6425880B7F37}
		{A5D471FE-1606-4D64-9C1F-696EF946359E} = {94559021-E41A-46C6-B5ED-AE14C5F6CFB4}
		{DC05E43A-F8DF-4E72-8E4C-6F7ADC07EF78} = {94559021-E41A-46C6-B5ED-AE14C5F6CFB4}
	EndGlobalSection
EndGlobal
